github.com/davecgh/go-spew/spew
github.com/smartystreets/goconvey
github.com/dustin/go-humanize
github.com/ccll/go-virtualbox
github.com/hashicorp/terraform #v0.6.0
code.google.com/p/go-uuid/uuid #35bc42037350f0078e3c974c6ea690f1926603ab
code.google.com/p/gosshold #9dd3b6b6e7b3e1b7f30c2b58c5ec5fff6bf9feff
github.com/ActiveState/tail #4b368d1590196ade29993d6a0896591403180bbd
github.com/Azure/azure-sdk-for-go/core/http #91977650587a7bc48318c0430649d7fea886f111
github.com/Azure/azure-sdk-for-go/core/tls #91977650587a7bc48318c0430649d7fea886f111
github.com/Azure/azure-sdk-for-go/management #91977650587a7bc48318c0430649d7fea886f111
github.com/Azure/azure-sdk-for-go/storage #91977650587a7bc48318c0430649d7fea886f111
github.com/Azure/go-pkcs12 #a635c0684cd517745ca5c9552a312627791d5ba0
github.com/armon/circbuf #f092b4f207b6e5cce0569056fba9e1a2735cb6cf
github.com/armon/go-metrics #b2d95e5291cdbc26997d1301a5e467ecbb240e25
github.com/armon/go-radix #fbd82e84e2b13651f3abc5ffd26b65ba71bc8f93
github.com/armon/gomdb #151f2e08ef45cb0e57d694b2562f351955dff572
github.com/aws/aws-sdk-go/aws #b1024787e030774e84f3aa6995f2c3891283b4a0
github.com/aws/aws-sdk-go/internal/endpoints #b1024787e030774e84f3aa6995f2c3891283b4a0
github.com/aws/aws-sdk-go/internal/protocol/ec2query #b1024787e030774e84f3aa6995f2c3891283b4a0
github.com/aws/aws-sdk-go/internal/protocol/json/jsonutil #b1024787e030774e84f3aa6995f2c3891283b4a0
github.com/aws/aws-sdk-go/internal/protocol/jsonrpc #b1024787e030774e84f3aa6995f2c3891283b4a0
github.com/aws/aws-sdk-go/internal/protocol/query #b1024787e030774e84f3aa6995f2c3891283b4a0
github.com/aws/aws-sdk-go/internal/protocol/rest #b1024787e030774e84f3aa6995f2c3891283b4a0
github.com/aws/aws-sdk-go/internal/protocol/restjson #b1024787e030774e84f3aa6995f2c3891283b4a0
github.com/aws/aws-sdk-go/internal/protocol/restxml #b1024787e030774e84f3aa6995f2c3891283b4a0
github.com/aws/aws-sdk-go/internal/protocol/xml/xmlutil #b1024787e030774e84f3aa6995f2c3891283b4a0
github.com/aws/aws-sdk-go/internal/signer/v4 #b1024787e030774e84f3aa6995f2c3891283b4a0
github.com/aws/aws-sdk-go/service/autoscaling #b1024787e030774e84f3aa6995f2c3891283b4a0
github.com/aws/aws-sdk-go/service/cloudwatch #b1024787e030774e84f3aa6995f2c3891283b4a0
github.com/aws/aws-sdk-go/service/dynamodb #b1024787e030774e84f3aa6995f2c3891283b4a0
github.com/aws/aws-sdk-go/service/ec2 #b1024787e030774e84f3aa6995f2c3891283b4a0
github.com/aws/aws-sdk-go/service/ecs #b1024787e030774e84f3aa6995f2c3891283b4a0
github.com/aws/aws-sdk-go/service/elasticache #b1024787e030774e84f3aa6995f2c3891283b4a0
github.com/aws/aws-sdk-go/service/elb #b1024787e030774e84f3aa6995f2c3891283b4a0
github.com/aws/aws-sdk-go/service/iam #b1024787e030774e84f3aa6995f2c3891283b4a0
github.com/aws/aws-sdk-go/service/kinesis #b1024787e030774e84f3aa6995f2c3891283b4a0
github.com/aws/aws-sdk-go/service/lambda #b1024787e030774e84f3aa6995f2c3891283b4a0
github.com/aws/aws-sdk-go/service/rds #b1024787e030774e84f3aa6995f2c3891283b4a0
github.com/aws/aws-sdk-go/service/route53 #b1024787e030774e84f3aa6995f2c3891283b4a0
github.com/aws/aws-sdk-go/service/s3 #b1024787e030774e84f3aa6995f2c3891283b4a0
github.com/aws/aws-sdk-go/service/sns #b1024787e030774e84f3aa6995f2c3891283b4a0
github.com/aws/aws-sdk-go/service/sqs #b1024787e030774e84f3aa6995f2c3891283b4a0
github.com/awslabs/aws-sdk-go/aws/credentials #b1024787e030774e84f3aa6995f2c3891283b4a0
github.com/boltdb/bolt #980670afcebfd86727505b3061d8667195234816
github.com/bradfitz/http2 #f8202bc903bda493ebba4aa54922d78430c2c42f
github.com/cyberdelia/heroku-go/v3 #594d483b9b6a8ddc7cd2f1e3e7d1de92fa2de665
github.com/digitalocean/godo #e2a34fae5e6770f1dfd9c27268e3a1745743fb0c
github.com/dylanmei/iso8601 #2075bf119b58e5576c6ed9f867b8f3d17f2e54d4
github.com/dylanmei/winrmtest #3e9661c52c45dab9a8528966a23d421922fca9b9
github.com/fsouza/go-dockerclient #bacc91d0d732390df132783988dc17c611881047
github.com/going/toolkit #5bff591dc40da25dcc875d3fa1a3373d74d45411
github.com/golang/protobuf #ab974be44dc3b7b8a1fb306fb32fe9b9f3864b3d
github.com/google/go-querystring #547ef5ac979778feb2f760cdb5f4eae1a2207b86
github.com/hashicorp/atlas-go/archive #1b403631cd2d44764a68a9549874213cf95b285e
github.com/hashicorp/atlas-go/v1 #1b403631cd2d44764a68a9549874213cf95b285e
github.com/hashicorp/consul-migrate #678fb10cdeae25ab309e99e655148f0bf65f9710
github.com/hashicorp/consul/api #9cb55266e7df62f2c3fd393503331140a05bfeb6
github.com/hashicorp/errwrap #7554cd9344cec97297fa6649b055a8c98c2a1e55
github.com/hashicorp/go-checkpoint #88326f6851319068e7b34981032128c0b1a6524d
github.com/hashicorp/go-msgpack #fa3f63826f7c23912c15263591e65d54d080b458
github.com/hashicorp/go-multierror #56912fb08d85084aa318edcf2bba735b97cf35c5
github.com/hashicorp/go-syslog #42a2b573b664dbf281bd48c3cc12c086b17a39ba
github.com/hashicorp/go-version #999359b6b7a041ce16e695d51e92145b83f01087
github.com/hashicorp/golang-lru #7f9ef20a0256f494e24126014135cf893ab71e9e
github.com/hashicorp/hcl #54864211433d45cb780682431585b3e573b49e4a
github.com/hashicorp/logutils #0dc08b1671f34c4250ce212759ebd880f743d883
github.com/hashicorp/memberlist #3636f9694d601b5f68da11676d59cdf8a4c9dfe3
github.com/hashicorp/net-rpc-msgpackrpc #d377902b7aba83dd3895837b902f6cf3f71edcb2
github.com/hashicorp/raft #53ca2ec750f09e888a0c051e7c68c98246176be2
github.com/hashicorp/raft-boltdb #d1e82c1ec3f15ee991f7cc7ffd5b67ff6f5bbaee
github.com/hashicorp/raft-mdb #4ec3694ffbc74d34f7532e70ef2e9c3546a0c0b0
github.com/hashicorp/scada-client #c26580cfe35393f6f4bf1b9ba55e6afe33176bae
github.com/hashicorp/serf #5ec3436dd074abb7b7782710bc8915b22e79c2ab
github.com/hashicorp/yamux #b2e55852ddaf823a85c67f798080eb7d08acd71d
github.com/imdario/mergo #61a52852277811e93e06d28e0d0c396284a7730b
github.com/inconshreveable/muxado #f693c7e88ba316d1a0ae3e205e22a01aa3ec2848
github.com/kardianos/osext #6e7f843663477789fac7c02def0d0909e969b4e5
github.com/klauspost/pgzip #49eeca5953c2a6c7be4e34e8803029e6354d9bb7
github.com/lsegal/gucumber #e8116c9c66e641e9f81fc0a79fac923dfc646378
github.com/masterzen/simplexml/dom #95ba30457eb1121fa27753627c774c7cd4e90083
github.com/masterzen/winrm/soap #132339029dfa67fd39ff8edeed2af78f2cca4fbb
github.com/masterzen/winrm/winrm #132339029dfa67fd39ff8edeed2af78f2cca4fbb
github.com/masterzen/xmlpath #13f4951698adc0fa9c1dda3e275d489a24201161
github.com/miekg/dns #3825eda9357fdbc07ba426fc540a2ff0b259ec74
github.com/mitchellh/cli #8102d0ed5ea2709ade1243798785888175f6e415
github.com/mitchellh/colorstring #61164e49940b423ba1f12ddbdf01632ac793e5e9
github.com/mitchellh/copystructure #6fc66267e9da7d155a9d3bd489e00dad02666dc6
github.com/mitchellh/go-fs #a34c1b9334e86165685a9449b782f20465eb8c69
github.com/mitchellh/go-homedir #1f6da4a72e57d4e7edd4a7295a585e0a3999a2d4
github.com/mitchellh/go-linereader #07bab5fdd9580500aea6ada0e09df4aa28e68abd
github.com/mitchellh/go-vnc #723ed9867aed0f3209a81151e52ddc61681f0b01
github.com/mitchellh/iochan #87b45ffd0e9581375c491fef3d32130bb15c5bd7
github.com/mitchellh/mapstructure #2caf8efc93669b6c43e0441cdc6aed17546c96f3
github.com/mitchellh/multistep #162146fc57112954184d90266f4733e900ed05a5
github.com/mitchellh/osext #0dd3f918b21bec95ace9dc86c7e70266cfc5c702
github.com/mitchellh/packer/common/uuid #3239d157c16ad1612d652940b2da2981614c97e4
github.com/mitchellh/panicwrap #45cbfd3bae250c7676c077fb275be1a2968e066a
github.com/mitchellh/prefixedio #89d9b535996bf0a185f85b59578f2e245f9e1724
github.com/mitchellh/reflectwalk #eecf4c70c626c7cfbb95c90195bc34d386c74ac6
github.com/nu7hatch/gouuid #179d4d0c4d8d407a32af483c2354df1d2c91e6c3
github.com/packer-community/winrmcp/winrmcp #743b1afe5ee3f6d5ba71a0d50673fa0ba2123d6b
github.com/pearkes/cloudflare #19e280b056f3742e535ea12ae92a37ea7767ea82
github.com/pearkes/digitalocean #e966f00c2d9de5743e87697ab77c7278f5998914
github.com/pearkes/dnsimple #2a807d118c9e52e94819f414a6ec0293b45cad01
github.com/pearkes/mailgun #5b02e7e9ffee9869f81393e80db138f6ff726260
github.com/pierrec/lz4 #4bdd4b0658f3a896d17b5364b94565df0cf55948
github.com/pierrec/xxHash #284d0fce1d182611739b90eb4fe4eff58e13d420
github.com/rackspace/gophercloud #f956c6c6c0c55844eff4b153b5071ef6e3ab4ab4
github.com/ryanuber/columnize #44cb4788b2ec3c3d158dd3d1b50aba7d66f4b59a
github.com/satori/go.uuid #afe1e2ddf0f05b7c29d388a3f8e76cb15c2231ca
github.com/shiena/ansicolor #a5e2b567a4dd6cc74545b8a4f27c9d63b9e7735b
github.com/soniah/dnsmadeeasy #5578a8c15e33958c61cf7db720b6181af65f4a9e
github.com/stretchr/testify #089c7181b8c728499929ff09b62d3fdd8df8adff
github.com/svanharmelen/gocs #89d8ea022a4c6e99b7a62378d24868a483ab3049
github.com/tent/http-link-go #ac974c61c2f990f4115b119354b5e0b47550e888
github.com/vaughan0/go-ini #a98ad7ee00ec53921f08832bc06ecf7fd600e6a1
github.com/xanzy/go-cloudstack/cloudstack #4d162c3e1955cd12235a8f0abaa95fe0bbf08c63
golang.org/x/crypto/ssh #cc04154d65fb9296747569b107cfd05380b1ea3e
golang.org/x/net/context #d9558e5c97f85372afee28cf2b6059d7d3818919
golang.org/x/oauth2 #b5adcc2dcdf009d0391547edc6ecbaff889f5bb9
golang.org/x/text #3eb7007b740b66a77f3c85f2660a0240b284115a
google.golang.org/api/compute/v0.beta #a09229c13c2f13bbdedf7b31b506cad4c83ef3bf
google.golang.org/api/compute/v1 #a09229c13c2f13bbdedf7b31b506cad4c83ef3bf
google.golang.org/api/dns/v1 #a09229c13c2f13bbdedf7b31b506cad4c83ef3bf
google.golang.org/api/googleapi #a09229c13c2f13bbdedf7b31b506cad4c83ef3bf
google.golang.org/api/storage/v1 #a09229c13c2f13bbdedf7b31b506cad4c83ef3bf
google.golang.org/appengine #e335b53aaf7a699963a1cfea40b65ee3bf09f711
google.golang.org/cloud/compute/metadata #15c0736a396d4a63e96b29802364d721ed0a33d5
google.golang.org/cloud/internal #15c0736a396d4a63e96b29802364d721ed0a33d5
google.golang.org/grpc #91c8b79535eb6045d70ec671d302213f88a3ab95
gopkg.in/fsnotify.v0 #ea925a0a47d225b2ca7f9932b01d2ed4f3ec74f6
gopkg.in/tomb.v1 #dd632973f1e7218eb1089048e0798ec9ae7dceb8
